
Microsoft Visual Studio Solution File, Format Version 12.00
# Visual Studio Version 17
VisualStudioVersion = 17.10.35004.147
MinimumVisualStudioVersion = 10.0.40219.1
Project("{9A19103F-16F7-4668-BE54-9A1E7A4F7556}") = "Web2Lab2.Server", "Web2Lab2.Server\Web2Lab2.Server.csproj", "{2FA75ED8-C15E-47C1-86D9-413801CDE97A}"
EndProject
Project("{54A90642-561A-4BB1-A94E-469ADEE60C69}") = "web2lab2.client", "web2lab2.client\web2lab2.client.esproj", "{D1B1E890-05FF-4129-A855-8E5FDBD77A41}"
EndProject
Project("{E53339B2-1760-4266-BCC7-CA923CBCF16C}") = "docker-compose", "docker-compose.dcproj", "{21972062-BACF-48C7-864A-A1A5F7C38D09}"
EndProject
Global
	GlobalSection(SolutionConfigurationPlatforms) = preSolution
		Debug|Any CPU = Debug|Any CPU
		Release|Any CPU = Release|Any CPU
	EndGlobalSection
	GlobalSection(ProjectConfigurationPlatforms) = postSolution
		{2FA75ED8-C15E-47C1-86D9-413801CDE97A}.Debug|Any CPU.ActiveCfg = Debug|Any CPU
		{2FA75ED8-C15E-47C1-86D9-413801CDE97A}.Debug|Any CPU.Build.0 = Debug|Any CPU
		{2FA75ED8-C15E-47C1-86D9-413801CDE97A}.Release|Any CPU.ActiveCfg = Release|Any CPU
		{2FA75ED8-C15E-47C1-86D9-413801CDE97A}.Release|Any CPU.Build.0 = Release|Any CPU
		{D1B1E890-05FF-4129-A855-8E5FDBD77A41}.Debug|Any CPU.ActiveCfg = Debug|Any CPU
		{D1B1E890-05FF-4129-A855-8E5FDBD77A41}.Debug|Any CPU.Build.0 = Debug|Any CPU
		{D1B1E890-05FF-4129-A855-8E5FDBD77A41}.Debug|Any CPU.Deploy.0 = Debug|Any CPU
		{D1B1E890-05FF-4129-A855-8E5FDBD77A41}.Release|Any CPU.ActiveCfg = Release|Any CPU
		{D1B1E890-05FF-4129-A855-8E5FDBD77A41}.Release|Any CPU.Build.0 = Release|Any CPU
		{D1B1E890-05FF-4129-A855-8E5FDBD77A41}.Release|Any CPU.Deploy.0 = Release|Any CPU
		{21972062-BACF-48C7-864A-A1A5F7C38D09}.Debug|Any CPU.ActiveCfg = Debug|Any CPU
		{21972062-BACF-48C7-864A-A1A5F7C38D09}.Debug|Any CPU.Build.0 = Debug|Any CPU
		{21972062-BACF-48C7-864A-A1A5F7C38D09}.Release|Any CPU.ActiveCfg = Release|Any CPU
		{21972062-BACF-48C7-864A-A1A5F7C38D09}.Release|Any CPU.Build.0 = Release|Any CPU
	EndGlobalSection
	GlobalSection(SolutionProperties) = preSolution
		HideSolutionNode = FALSE
	EndGlobalSection
	GlobalSection(ExtensibilityGlobals) = postSolution
		SolutionGuid = {16CF963D-EA3C-49AD-A22B-7ECFEFC966D9}
	EndGlobalSection
EndGlobal
